// !$*UTF8*$!
{
	archiveVersion = 1;
	classes = {
	};
	objectVersion = 55;
	objects = {

/* Begin PBXBuildFile section */
		0436343228579BCC000E260D /* DataStorageManager.swift in Sources */ = {isa = PBXBuildFile; fileRef = 0436343128579BCC000E260D /* DataStorageManager.swift */; };
		04D882A02840335300E6DA35 /* String+Prefix.swift in Sources */ = {isa = PBXBuildFile; fileRef = 04D8829F2840335300E6DA35 /* String+Prefix.swift */; };
		04D882B62845F07400E6DA35 /* bloodOrangeTheme.swift in Sources */ = {isa = PBXBuildFile; fileRef = 04D882B52845F07400E6DA35 /* bloodOrangeTheme.swift */; };
		04D882B82845F10200E6DA35 /* purpleTheme.swift in Sources */ = {isa = PBXBuildFile; fileRef = 04D882B72845F10200E6DA35 /* purpleTheme.swift */; };
		04D882BA2845F18F00E6DA35 /* darkTheme.swift in Sources */ = {isa = PBXBuildFile; fileRef = 04D882B92845F18F00E6DA35 /* darkTheme.swift */; };
		04D882BC2845F37600E6DA35 /* darkBlueTheme.swift in Sources */ = {isa = PBXBuildFile; fileRef = 04D882BB2845F37600E6DA35 /* darkBlueTheme.swift */; };
		04D882BE2845F47A00E6DA35 /* electroTheme.swift in Sources */ = {isa = PBXBuildFile; fileRef = 04D882BD2845F47A00E6DA35 /* electroTheme.swift */; };
		04D882C02845F52700E6DA35 /* lightBlueTheme.swift in Sources */ = {isa = PBXBuildFile; fileRef = 04D882BF2845F52700E6DA35 /* lightBlueTheme.swift */; };
		04D882C22845F5A300E6DA35 /* lightTheme.swift in Sources */ = {isa = PBXBuildFile; fileRef = 04D882C12845F5A300E6DA35 /* lightTheme.swift */; };
		04D882C42845F77500E6DA35 /* orangeTheme.swift in Sources */ = {isa = PBXBuildFile; fileRef = 04D882C32845F77500E6DA35 /* orangeTheme.swift */; };
		04D882C62845F86C00E6DA35 /* pinkTheme.swift in Sources */ = {isa = PBXBuildFile; fileRef = 04D882C52845F86C00E6DA35 /* pinkTheme.swift */; };
		04D882C82845F8E100E6DA35 /* washedOutTheme.swift in Sources */ = {isa = PBXBuildFile; fileRef = 04D882C72845F8E100E6DA35 /* washedOutTheme.swift */; };
		04D882CB284609D200E6DA35 /* ThemeManager.swift in Sources */ = {isa = PBXBuildFile; fileRef = 04D882CA284609D200E6DA35 /* ThemeManager.swift */; };
		04E055ED2839FC3100D9481F /* AppDelegate.swift in Sources */ = {isa = PBXBuildFile; fileRef = 04E055EC2839FC3100D9481F /* AppDelegate.swift */; };
		04E055EF2839FC3100D9481F /* SceneDelegate.swift in Sources */ = {isa = PBXBuildFile; fileRef = 04E055EE2839FC3100D9481F /* SceneDelegate.swift */; };
		04E055F12839FC3100D9481F /* FlexiCalcViewController.swift in Sources */ = {isa = PBXBuildFile; fileRef = 04E055F02839FC3100D9481F /* FlexiCalcViewController.swift */; };
		04E055F62839FC3500D9481F /* Assets.xcassets in Resources */ = {isa = PBXBuildFile; fileRef = 04E055F52839FC3500D9481F /* Assets.xcassets */; };
		04E056042839FC3600D9481F /* MathEquationTests.swift in Sources */ = {isa = PBXBuildFile; fileRef = 04E056032839FC3600D9481F /* MathEquationTests.swift */; };
		04E0561D283B814400D9481F /* CalculatorTheme.swift in Sources */ = {isa = PBXBuildFile; fileRef = 04E0561C283B814400D9481F /* CalculatorTheme.swift */; };
		04E0561F283B828F00D9481F /* UIColor+HexValue.swift in Sources */ = {isa = PBXBuildFile; fileRef = 04E0561E283B828F00D9481F /* UIColor+HexValue.swift */; };
		04E05621283CC69200D9481F /* MathEquation.swift in Sources */ = {isa = PBXBuildFile; fileRef = 04E05620283CC69200D9481F /* MathEquation.swift */; };
		04E05623283CD39B00D9481F /* CalculatorEngine.swift in Sources */ = {isa = PBXBuildFile; fileRef = 04E05622283CD39B00D9481F /* CalculatorEngine.swift */; };
		04E0563B283E411000D9481F /* Main.storyboard in Resources */ = {isa = PBXBuildFile; fileRef = 04E05638283E3FFB00D9481F /* Main.storyboard */; };
		04E0563C283E411000D9481F /* LaunchScreen.storyboard in Resources */ = {isa = PBXBuildFile; fileRef = 04E05637283E3FFB00D9481F /* LaunchScreen.storyboard */; };
		04E07A8C283E97B50008F6BD /* MathInputController.swift in Sources */ = {isa = PBXBuildFile; fileRef = 04E07A8B283E97B50008F6BD /* MathInputController.swift */; };
/* End PBXBuildFile section */

/* Begin PBXContainerItemProxy section */
		04E056002839FC3500D9481F /* PBXContainerItemProxy */ = {
			isa = PBXContainerItemProxy;
			containerPortal = 04E055E12839FC3100D9481F /* Project object */;
			proxyType = 1;
			remoteGlobalIDString = 04E055E82839FC3100D9481F;
			remoteInfo = FlexiCalc;
		};
		04E0560A2839FC3600D9481F /* PBXContainerItemProxy */ = {
			isa = PBXContainerItemProxy;
			containerPortal = 04E055E12839FC3100D9481F /* Project object */;
			proxyType = 1;
			remoteGlobalIDString = 04E055E82839FC3100D9481F;
			remoteInfo = FlexiCalc;
		};
/* End PBXContainerItemProxy section */

/* Begin PBXFileReference section */
		0436343128579BCC000E260D /* DataStorageManager.swift */ = {isa = PBXFileReference; lastKnownFileType = sourcecode.swift; path = DataStorageManager.swift; sourceTree = "<group>"; };
		04D8829F2840335300E6DA35 /* String+Prefix.swift */ = {isa = PBXFileReference; lastKnownFileType = sourcecode.swift; path = "String+Prefix.swift"; sourceTree = "<group>"; };
		04D882B52845F07400E6DA35 /* bloodOrangeTheme.swift */ = {isa = PBXFileReference; lastKnownFileType = sourcecode.swift; path = bloodOrangeTheme.swift; sourceTree = "<group>"; };
		04D882B72845F10200E6DA35 /* purpleTheme.swift */ = {isa = PBXFileReference; lastKnownFileType = sourcecode.swift; path = purpleTheme.swift; sourceTree = "<group>"; };
		04D882B92845F18F00E6DA35 /* darkTheme.swift */ = {isa = PBXFileReference; lastKnownFileType = sourcecode.swift; path = darkTheme.swift; sourceTree = "<group>"; };
		04D882BB2845F37600E6DA35 /* darkBlueTheme.swift */ = {isa = PBXFileReference; lastKnownFileType = sourcecode.swift; path = darkBlueTheme.swift; sourceTree = "<group>"; };
		04D882BD2845F47A00E6DA35 /* electroTheme.swift */ = {isa = PBXFileReference; lastKnownFileType = sourcecode.swift; path = electroTheme.swift; sourceTree = "<group>"; };
		04D882BF2845F52700E6DA35 /* lightBlueTheme.swift */ = {isa = PBXFileReference; lastKnownFileType = sourcecode.swift; path = lightBlueTheme.swift; sourceTree = "<group>"; };
		04D882C12845F5A300E6DA35 /* lightTheme.swift */ = {isa = PBXFileReference; lastKnownFileType = sourcecode.swift; path = lightTheme.swift; sourceTree = "<group>"; };
		04D882C32845F77500E6DA35 /* orangeTheme.swift */ = {isa = PBXFileReference; lastKnownFileType = sourcecode.swift; path = orangeTheme.swift; sourceTree = "<group>"; };
		04D882C52845F86C00E6DA35 /* pinkTheme.swift */ = {isa = PBXFileReference; lastKnownFileType = sourcecode.swift; path = pinkTheme.swift; sourceTree = "<group>"; };
		04D882C72845F8E100E6DA35 /* washedOutTheme.swift */ = {isa = PBXFileReference; lastKnownFileType = sourcecode.swift; path = washedOutTheme.swift; sourceTree = "<group>"; };
		04D882CA284609D200E6DA35 /* ThemeManager.swift */ = {isa = PBXFileReference; lastKnownFileType = sourcecode.swift; path = ThemeManager.swift; sourceTree = "<group>"; };
		04E055E92839FC3100D9481F /* FlexiCalc.app */ = {isa = PBXFileReference; explicitFileType = wrapper.application; includeInIndex = 0; path = FlexiCalc.app; sourceTree = BUILT_PRODUCTS_DIR; };
		04E055EC2839FC3100D9481F /* AppDelegate.swift */ = {isa = PBXFileReference; lastKnownFileType = sourcecode.swift; path = AppDelegate.swift; sourceTree = "<group>"; };
		04E055EE2839FC3100D9481F /* SceneDelegate.swift */ = {isa = PBXFileReference; lastKnownFileType = sourcecode.swift; path = SceneDelegate.swift; sourceTree = "<group>"; };
		04E055F02839FC3100D9481F /* FlexiCalcViewController.swift */ = {isa = PBXFileReference; lastKnownFileType = sourcecode.swift; path = FlexiCalcViewController.swift; sourceTree = "<group>"; };
		04E055F52839FC3500D9481F /* Assets.xcassets */ = {isa = PBXFileReference; lastKnownFileType = folder.assetcatalog; path = Assets.xcassets; sourceTree = "<group>"; };
		04E055FA2839FC3500D9481F /* Info.plist */ = {isa = PBXFileReference; lastKnownFileType = text.plist.xml; path = Info.plist; sourceTree = "<group>"; };
		04E055FF2839FC3500D9481F /* FlexiCalcTests.xctest */ = {isa = PBXFileReference; explicitFileType = wrapper.cfbundle; includeInIndex = 0; path = FlexiCalcTests.xctest; sourceTree = BUILT_PRODUCTS_DIR; };
		04E056032839FC3600D9481F /* MathEquationTests.swift */ = {isa = PBXFileReference; lastKnownFileType = sourcecode.swift; path = MathEquationTests.swift; sourceTree = "<group>"; };
		04E056092839FC3600D9481F /* FlexiCalcUITests.xctest */ = {isa = PBXFileReference; explicitFileType = wrapper.cfbundle; includeInIndex = 0; path = FlexiCalcUITests.xctest; sourceTree = BUILT_PRODUCTS_DIR; };
		04E0561C283B814400D9481F /* CalculatorTheme.swift */ = {isa = PBXFileReference; lastKnownFileType = sourcecode.swift; path = CalculatorTheme.swift; sourceTree = "<group>"; };
		04E0561E283B828F00D9481F /* UIColor+HexValue.swift */ = {isa = PBXFileReference; lastKnownFileType = sourcecode.swift; path = "UIColor+HexValue.swift"; sourceTree = "<group>"; };
		04E05620283CC69200D9481F /* MathEquation.swift */ = {isa = PBXFileReference; lastKnownFileType = sourcecode.swift; path = MathEquation.swift; sourceTree = "<group>"; };
		04E05622283CD39B00D9481F /* CalculatorEngine.swift */ = {isa = PBXFileReference; lastKnownFileType = sourcecode.swift; path = CalculatorEngine.swift; sourceTree = "<group>"; };
		04E05637283E3FFB00D9481F /* LaunchScreen.storyboard */ = {isa = PBXFileReference; lastKnownFileType = file.storyboard; path = LaunchScreen.storyboard; sourceTree = "<group>"; };
		04E05638283E3FFB00D9481F /* Main.storyboard */ = {isa = PBXFileReference; lastKnownFileType = file.storyboard; path = Main.storyboard; sourceTree = "<group>"; };
		04E07A8B283E97B50008F6BD /* MathInputController.swift */ = {isa = PBXFileReference; lastKnownFileType = sourcecode.swift; path = MathInputController.swift; sourceTree = "<group>"; };
/* End PBXFileReference section */

/* Begin PBXFrameworksBuildPhase section */
		04E055E62839FC3100D9481F /* Frameworks */ = {
			isa = PBXFrameworksBuildPhase;
			buildActionMask = 2147483647;
			files = (
			);
			runOnlyForDeploymentPostprocessing = 0;
		};
		04E055FC2839FC3500D9481F /* Frameworks */ = {
			isa = PBXFrameworksBuildPhase;
			buildActionMask = 2147483647;
			files = (
			);
			runOnlyForDeploymentPostprocessing = 0;
		};
		04E056062839FC3600D9481F /* Frameworks */ = {
			isa = PBXFrameworksBuildPhase;
			buildActionMask = 2147483647;
			files = (
			);
			runOnlyForDeploymentPostprocessing = 0;
		};
/* End PBXFrameworksBuildPhase section */

/* Begin PBXGroup section */
		0436343028579B8F000E260D /* Data Storage Layer */ = {
			isa = PBXGroup;
			children = (
				0436343128579BCC000E260D /* DataStorageManager.swift */,
			);
			path = "Data Storage Layer";
			sourceTree = "<group>";
		};
		04D882A1284034A200E6DA35 /* Swift Extensions */ = {
			isa = PBXGroup;
			children = (
				04D8829F2840335300E6DA35 /* String+Prefix.swift */,
			);
			path = "Swift Extensions";
			sourceTree = "<group>";
		};
		04D882C92845F9AA00E6DA35 /* Color Themes */ = {
			isa = PBXGroup;
			children = (
				04D882B52845F07400E6DA35 /* bloodOrangeTheme.swift */,
				04D882BB2845F37600E6DA35 /* darkBlueTheme.swift */,
				04D882B92845F18F00E6DA35 /* darkTheme.swift */,
				04D882BD2845F47A00E6DA35 /* electroTheme.swift */,
				04D882BF2845F52700E6DA35 /* lightBlueTheme.swift */,
				04D882C12845F5A300E6DA35 /* lightTheme.swift */,
				04D882C32845F77500E6DA35 /* orangeTheme.swift */,
				04D882C52845F86C00E6DA35 /* pinkTheme.swift */,
				04D882B72845F10200E6DA35 /* purpleTheme.swift */,
				04D882C72845F8E100E6DA35 /* washedOutTheme.swift */,
			);
			path = "Color Themes";
			sourceTree = "<group>";
		};
		04E055E02839FC3100D9481F = {
			isa = PBXGroup;
			children = (
				04E055EB2839FC3100D9481F /* FlexiCalc */,
				04E056022839FC3600D9481F /* FlexiCalcTests */,
				04E055EA2839FC3100D9481F /* Products */,
			);
			sourceTree = "<group>";
		};
		04E055EA2839FC3100D9481F /* Products */ = {
			isa = PBXGroup;
			children = (
				04E055E92839FC3100D9481F /* FlexiCalc.app */,
				04E055FF2839FC3500D9481F /* FlexiCalcTests.xctest */,
				04E056092839FC3600D9481F /* FlexiCalcUITests.xctest */,
			);
			name = Products;
			sourceTree = "<group>";
		};
		04E055EB2839FC3100D9481F /* FlexiCalc */ = {
			isa = PBXGroup;
			children = (
				04E05624283E362C00D9481F /* Presentation Layer */,
				04E05628283E38A600D9481F /* Business Logic Layer */,
				0436343028579B8F000E260D /* Data Storage Layer */,
				04E05629283E38D800D9481F /* Data layer */,
				04E055F52839FC3500D9481F /* Assets.xcassets */,
				04E055FA2839FC3500D9481F /* Info.plist */,
			);
			path = FlexiCalc;
			sourceTree = "<group>";
		};
		04E056022839FC3600D9481F /* FlexiCalcTests */ = {
			isa = PBXGroup;
			children = (
				04E056032839FC3600D9481F /* MathEquationTests.swift */,
			);
			path = FlexiCalcTests;
			sourceTree = "<group>";
		};
		04E05624283E362C00D9481F /* Presentation Layer */ = {
			isa = PBXGroup;
			children = (
				04E055EC2839FC3100D9481F /* AppDelegate.swift */,
				04E055EE2839FC3100D9481F /* SceneDelegate.swift */,
				04D882A1284034A200E6DA35 /* Swift Extensions */,
				04E05625283E383D00D9481F /* UIKit Extensions */,
				04E05627283E388200D9481F /* UIViewControllers */,
				04E05626283E387100D9481F /* Storyboards */,
			);
			path = "Presentation Layer";
			sourceTree = "<group>";
		};
		04E05625283E383D00D9481F /* UIKit Extensions */ = {
			isa = PBXGroup;
			children = (
				04E0561E283B828F00D9481F /* UIColor+HexValue.swift */,
			);
			path = "UIKit Extensions";
			sourceTree = "<group>";
		};
		04E05626283E387100D9481F /* Storyboards */ = {
			isa = PBXGroup;
			children = (
				04E05638283E3FFB00D9481F /* Main.storyboard */,
				04E05637283E3FFB00D9481F /* LaunchScreen.storyboard */,
			);
			path = Storyboards;
			sourceTree = "<group>";
		};
		04E05627283E388200D9481F /* UIViewControllers */ = {
			isa = PBXGroup;
			children = (
				04E055F02839FC3100D9481F /* FlexiCalcViewController.swift */,
			);
			path = UIViewControllers;
			sourceTree = "<group>";
		};
		04E05628283E38A600D9481F /* Business Logic Layer */ = {
			isa = PBXGroup;
			children = (
				04E05622283CD39B00D9481F /* CalculatorEngine.swift */,
				04E07A8B283E97B50008F6BD /* MathInputController.swift */,
				04D882CA284609D200E6DA35 /* ThemeManager.swift */,
			);
			path = "Business Logic Layer";
			sourceTree = "<group>";
		};
		04E05629283E38D800D9481F /* Data layer */ = {
			isa = PBXGroup;
			children = (
				04E0561C283B814400D9481F /* CalculatorTheme.swift */,
				04E05620283CC69200D9481F /* MathEquation.swift */,
				04D882C92845F9AA00E6DA35 /* Color Themes */,
			);
			path = "Data layer";
			sourceTree = "<group>";
		};
/* End PBXGroup section */

/* Begin PBXNativeTarget section */
		04E055E82839FC3100D9481F /* FlexiCalc */ = {
			isa = PBXNativeTarget;
			buildConfigurationList = 04E056132839FC3600D9481F /* Build configuration list for PBXNativeTarget "FlexiCalc" */;
			buildPhases = (
				04E055E52839FC3100D9481F /* Sources */,
				04E055E62839FC3100D9481F /* Frameworks */,
				04E055E72839FC3100D9481F /* Resources */,
			);
			buildRules = (
			);
			dependencies = (
			);
			name = FlexiCalc;
			productName = FlexiCalc;
			productReference = 04E055E92839FC3100D9481F /* FlexiCalc.app */;
			productType = "com.apple.product-type.application";
		};
		04E055FE2839FC3500D9481F /* FlexiCalcTests */ = {
			isa = PBXNativeTarget;
			buildConfigurationList = 04E056162839FC3600D9481F /* Build configuration list for PBXNativeTarget "FlexiCalcTests" */;
			buildPhases = (
				04E055FB2839FC3500D9481F /* Sources */,
				04E055FC2839FC3500D9481F /* Frameworks */,
				04E055FD2839FC3500D9481F /* Resources */,
			);
			buildRules = (
			);
			dependencies = (
				04E056012839FC3500D9481F /* PBXTargetDependency */,
			);
			name = FlexiCalcTests;
			productName = FlexiCalcTests;
			productReference = 04E055FF2839FC3500D9481F /* FlexiCalcTests.xctest */;
			productType = "com.apple.product-type.bundle.unit-test";
		};
		04E056082839FC3600D9481F /* FlexiCalcUITests */ = {
			isa = PBXNativeTarget;
			buildConfigurationList = 04E056192839FC3600D9481F /* Build configuration list for PBXNativeTarget "FlexiCalcUITests" */;
			buildPhases = (
				04E056052839FC3600D9481F /* Sources */,
				04E056062839FC3600D9481F /* Frameworks */,
				04E056072839FC3600D9481F /* Resources */,
			);
			buildRules = (
			);
			dependencies = (
				04E0560B2839FC3600D9481F /* PBXTargetDependency */,
			);
			name = FlexiCalcUITests;
			productName = FlexiCalcUITests;
			productReference = 04E056092839FC3600D9481F /* FlexiCalcUITests.xctest */;
			productType = "com.apple.product-type.bundle.ui-testing";
		};
/* End PBXNativeTarget section */

/* Begin PBXProject section */
		04E055E12839FC3100D9481F /* Project object */ = {
			isa = PBXProject;
			attributes = {
				BuildIndependentTargetsInParallel = 1;
				LastSwiftUpdateCheck = 1320;
				LastUpgradeCheck = 1320;
				TargetAttributes = {
					04E055E82839FC3100D9481F = {
						CreatedOnToolsVersion = 13.2.1;
					};
					04E055FE2839FC3500D9481F = {
						CreatedOnToolsVersion = 13.2.1;
						TestTargetID = 04E055E82839FC3100D9481F;
					};
					04E056082839FC3600D9481F = {
						CreatedOnToolsVersion = 13.2.1;
						TestTargetID = 04E055E82839FC3100D9481F;
					};
				};
			};
			buildConfigurationList = 04E055E42839FC3100D9481F /* Build configuration list for PBXProject "FlexiCalc" */;
			compatibilityVersion = "Xcode 13.0";
			developmentRegion = en;
			hasScannedForEncodings = 0;
			knownRegions = (
				en,
				Base,
			);
			mainGroup = 04E055E02839FC3100D9481F;
			productRefGroup = 04E055EA2839FC3100D9481F /* Products */;
			projectDirPath = "";
			projectRoot = "";
			targets = (
				04E055E82839FC3100D9481F /* FlexiCalc */,
				04E055FE2839FC3500D9481F /* FlexiCalcTests */,
				04E056082839FC3600D9481F /* FlexiCalcUITests */,
			);
		};
/* End PBXProject section */

/* Begin PBXResourcesBuildPhase section */
		04E055E72839FC3100D9481F /* Resources */ = {
			isa = PBXResourcesBuildPhase;
			buildActionMask = 2147483647;
			files = (
				04E0563B283E411000D9481F /* Main.storyboard in Resources */,
				04E0563C283E411000D9481F /* LaunchScreen.storyboard in Resources */,
				04E055F62839FC3500D9481F /* Assets.xcassets in Resources */,
			);
			runOnlyForDeploymentPostprocessing = 0;
		};
		04E055FD2839FC3500D9481F /* Resources */ = {
			isa = PBXResourcesBuildPhase;
			buildActionMask = 2147483647;
			files = (
			);
			runOnlyForDeploymentPostprocessing = 0;
		};
		04E056072839FC3600D9481F /* Resources */ = {
			isa = PBXResourcesBuildPhase;
			buildActionMask = 2147483647;
			files = (
			);
			runOnlyForDeploymentPostprocessing = 0;
		};
/* End PBXResourcesBuildPhase section */

/* Begin PBXSourcesBuildPhase section */
		04E055E52839FC3100D9481F /* Sources */ = {
			isa = PBXSourcesBuildPhase;
			buildActionMask = 2147483647;
			files = (
				04D882BE2845F47A00E6DA35 /* electroTheme.swift in Sources */,
				04D882C42845F77500E6DA35 /* orangeTheme.swift in Sources */,
				04E0561F283B828F00D9481F /* UIColor+HexValue.swift in Sources */,
				04E05621283CC69200D9481F /* MathEquation.swift in Sources */,
				04D882B62845F07400E6DA35 /* bloodOrangeTheme.swift in Sources */,
				04D882C62845F86C00E6DA35 /* pinkTheme.swift in Sources */,
				04E07A8C283E97B50008F6BD /* MathInputController.swift in Sources */,
				0436343228579BCC000E260D /* DataStorageManager.swift in Sources */,
				04D882CB284609D200E6DA35 /* ThemeManager.swift in Sources */,
				04E055F12839FC3100D9481F /* FlexiCalcViewController.swift in Sources */,
				04D882C22845F5A300E6DA35 /* lightTheme.swift in Sources */,
				04D882A02840335300E6DA35 /* String+Prefix.swift in Sources */,
				04D882BC2845F37600E6DA35 /* darkBlueTheme.swift in Sources */,
				04E0561D283B814400D9481F /* CalculatorTheme.swift in Sources */,
				04D882B82845F10200E6DA35 /* purpleTheme.swift in Sources */,
				04E055ED2839FC3100D9481F /* AppDelegate.swift in Sources */,
				04E05623283CD39B00D9481F /* CalculatorEngine.swift in Sources */,
				04E055EF2839FC3100D9481F /* SceneDelegate.swift in Sources */,
				04D882C82845F8E100E6DA35 /* washedOutTheme.swift in Sources */,
				04D882C02845F52700E6DA35 /* lightBlueTheme.swift in Sources */,
				04D882BA2845F18F00E6DA35 /* darkTheme.swift in Sources */,
			);
			runOnlyForDeploymentPostprocessing = 0;
		};
		04E055FB2839FC3500D9481F /* Sources */ = {
			isa = PBXSourcesBuildPhase;
			buildActionMask = 2147483647;
			files = (
				04E056042839FC3600D9481F /* MathEquationTests.swift in Sources */,
			);
			runOnlyForDeploymentPostprocessing = 0;
		};
		04E056052839FC3600D9481F /* Sources */ = {
			isa = PBXSourcesBuildPhase;
			buildActionMask = 2147483647;
			files = (
			);
			runOnlyForDeploymentPostprocessing = 0;
		};
/* End PBXSourcesBuildPhase section */

/* Begin PBXTargetDependency section */
		04E056012839FC3500D9481F /* PBXTargetDependency */ = {
			isa = PBXTargetDependency;
			target = 04E055E82839FC3100D9481F /* FlexiCalc */;
			targetProxy = 04E056002839FC3500D9481F /* PBXContainerItemProxy */;
		};
		04E0560B2839FC3600D9481F /* PBXTargetDependency */ = {
			isa = PBXTargetDependency;
			target = 04E055E82839FC3100D9481F /* FlexiCalc */;
			targetProxy = 04E0560A2839FC3600D9481F /* PBXContainerItemProxy */;
		};
/* End PBXTargetDependency section */

/* Begin XCBuildConfiguration section */
		04E056112839FC3600D9481F /* Debug */ = {
			isa = XCBuildConfiguration;
			buildSettings = {
				ALWAYS_SEARCH_USER_PATHS = NO;
				CLANG_ANALYZER_NONNULL = YES;
				CLANG_ANALYZER_NUMBER_OBJECT_CONVERSION = YES_AGGRESSIVE;
				CLANG_CXX_LANGUAGE_STANDARD = "gnu++17";
				CLANG_CXX_LIBRARY = "libc++";
				CLANG_ENABLE_MODULES = YES;
				CLANG_ENABLE_OBJC_ARC = YES;
				CLANG_ENABLE_OBJC_WEAK = YES;
				CLANG_WARN_BLOCK_CAPTURE_AUTORELEASING = YES;
				CLANG_WARN_BOOL_CONVERSION = YES;
				CLANG_WARN_COMMA = YES;
				CLANG_WARN_CONSTANT_CONVERSION = YES;
				CLANG_WARN_DEPRECATED_OBJC_IMPLEMENTATIONS = YES;
				CLANG_WARN_DIRECT_OBJC_ISA_USAGE = YES_ERROR;
				CLANG_WARN_DOCUMENTATION_COMMENTS = YES;
				CLANG_WARN_EMPTY_BODY = YES;
				CLANG_WARN_ENUM_CONVERSION = YES;
				CLANG_WARN_INFINITE_RECURSION = YES;
				CLANG_WARN_INT_CONVERSION = YES;
				CLANG_WARN_NON_LITERAL_NULL_CONVERSION = YES;
				CLANG_WARN_OBJC_IMPLICIT_RETAIN_SELF = YES;
				CLANG_WARN_OBJC_LITERAL_CONVERSION = YES;
				CLANG_WARN_OBJC_ROOT_CLASS = YES_ERROR;
				CLANG_WARN_QUOTED_INCLUDE_IN_FRAMEWORK_HEADER = YES;
				CLANG_WARN_RANGE_LOOP_ANALYSIS = YES;
				CLANG_WARN_STRICT_PROTOTYPES = YES;
				CLANG_WARN_SUSPICIOUS_MOVE = YES;
				CLANG_WARN_UNGUARDED_AVAILABILITY = YES_AGGRESSIVE;
				CLANG_WARN_UNREACHABLE_CODE = YES;
				CLANG_WARN__DUPLICATE_METHOD_MATCH = YES;
				COPY_PHASE_STRIP = NO;
				DEBUG_INFORMATION_FORMAT = dwarf;
				ENABLE_STRICT_OBJC_MSGSEND = YES;
				ENABLE_TESTABILITY = YES;
				GCC_C_LANGUAGE_STANDARD = gnu11;
				GCC_DYNAMIC_NO_PIC = NO;
				GCC_NO_COMMON_BLOCKS = YES;
				GCC_OPTIMIZATION_LEVEL = 0;
				GCC_PREPROCESSOR_DEFINITIONS = (
					"DEBUG=1",
					"$(inherited)",
				);
				GCC_WARN_64_TO_32_BIT_CONVERSION = YES;
				GCC_WARN_ABOUT_RETURN_TYPE = YES_ERROR;
				GCC_WARN_UNDECLARED_SELECTOR = YES;
				GCC_WARN_UNINITIALIZED_AUTOS = YES_AGGRESSIVE;
				GCC_WARN_UNUSED_FUNCTION = YES;
				GCC_WARN_UNUSED_VARIABLE = YES;
				IPHONEOS_DEPLOYMENT_TARGET = 15.2;
				MTL_ENABLE_DEBUG_INFO = INCLUDE_SOURCE;
				MTL_FAST_MATH = YES;
				ONLY_ACTIVE_ARCH = YES;
				SDKROOT = iphoneos;
				SWIFT_ACTIVE_COMPILATION_CONDITIONS = DEBUG;
				SWIFT_OPTIMIZATION_LEVEL = "-Onone";
			};
			name = Debug;
		};
		04E056122839FC3600D9481F /* Release */ = {
			isa = XCBuildConfiguration;
			buildSettings = {
				ALWAYS_SEARCH_USER_PATHS = NO;
				CLANG_ANALYZER_NONNULL = YES;
				CLANG_ANALYZER_NUMBER_OBJECT_CONVERSION = YES_AGGRESSIVE;
				CLANG_CXX_LANGUAGE_STANDARD = "gnu++17";
				CLANG_CXX_LIBRARY = "libc++";
				CLANG_ENABLE_MODULES = YES;
				CLANG_ENABLE_OBJC_ARC = YES;
				CLANG_ENABLE_OBJC_WEAK = YES;
				CLANG_WARN_BLOCK_CAPTURE_AUTORELEASING = YES;
				CLANG_WARN_BOOL_CONVERSION = YES;
				CLANG_WARN_COMMA = YES;
				CLANG_WARN_CONSTANT_CONVERSION = YES;
				CLANG_WARN_DEPRECATED_OBJC_IMPLEMENTATIONS = YES;
				CLANG_WARN_DIRECT_OBJC_ISA_USAGE = YES_ERROR;
				CLANG_WARN_DOCUMENTATION_COMMENTS = YES;
				CLANG_WARN_EMPTY_BODY = YES;
				CLANG_WARN_ENUM_CONVERSION = YES;
				CLANG_WARN_INFINITE_RECURSION = YES;
				CLANG_WARN_INT_CONVERSION = YES;
				CLANG_WARN_NON_LITERAL_NULL_CONVERSION = YES;
				CLANG_WARN_OBJC_IMPLICIT_RETAIN_SELF = YES;
				CLANG_WARN_OBJC_LITERAL_CONVERSION = YES;
				CLANG_WARN_OBJC_ROOT_CLASS = YES_ERROR;
				CLANG_WARN_QUOTED_INCLUDE_IN_FRAMEWORK_HEADER = YES;
				CLANG_WARN_RANGE_LOOP_ANALYSIS = YES;
				CLANG_WARN_STRICT_PROTOTYPES = YES;
				CLANG_WARN_SUSPICIOUS_MOVE = YES;
				CLANG_WARN_UNGUARDED_AVAILABILITY = YES_AGGRESSIVE;
				CLANG_WARN_UNREACHABLE_CODE = YES;
				CLANG_WARN__DUPLICATE_METHOD_MATCH = YES;
				COPY_PHASE_STRIP = NO;
				DEBUG_INFORMATION_FORMAT = "dwarf-with-dsym";
				ENABLE_NS_ASSERTIONS = NO;
				ENABLE_STRICT_OBJC_MSGSEND = YES;
				GCC_C_LANGUAGE_STANDARD = gnu11;
				GCC_NO_COMMON_BLOCKS = YES;
				GCC_WARN_64_TO_32_BIT_CONVERSION = YES;
				GCC_WARN_ABOUT_RETURN_TYPE = YES_ERROR;
				GCC_WARN_UNDECLARED_SELECTOR = YES;
				GCC_WARN_UNINITIALIZED_AUTOS = YES_AGGRESSIVE;
				GCC_WARN_UNUSED_FUNCTION = YES;
				GCC_WARN_UNUSED_VARIABLE = YES;
				IPHONEOS_DEPLOYMENT_TARGET = 15.2;
				MTL_ENABLE_DEBUG_INFO = NO;
				MTL_FAST_MATH = YES;
				SDKROOT = iphoneos;
				SWIFT_COMPILATION_MODE = wholemodule;
				SWIFT_OPTIMIZATION_LEVEL = "-O";
				VALIDATE_PRODUCT = YES;
			};
			name = Release;
		};
		04E056142839FC3600D9481F /* Debug */ = {
			isa = XCBuildConfiguration;
			buildSettings = {
				ASSETCATALOG_COMPILER_APPICON_NAME = AppIcon;
				ASSETCATALOG_COMPILER_GLOBAL_ACCENT_COLOR_NAME = AccentColor;
				CODE_SIGN_STYLE = Automatic;
				CURRENT_PROJECT_VERSION = 1;
				DEVELOPMENT_TEAM = 6ZPB2R3KP8;
				GENERATE_INFOPLIST_FILE = YES;
				INFOPLIST_FILE = FlexiCalc/Info.plist;
				INFOPLIST_KEY_UIApplicationSupportsIndirectInputEvents = YES;
				INFOPLIST_KEY_UILaunchStoryboardName = LaunchScreen;
				INFOPLIST_KEY_UIMainStoryboardFile = Main;
				INFOPLIST_KEY_UISupportedInterfaceOrientations_iPad = "UIInterfaceOrientationPortrait UIInterfaceOrientationPortraitUpsideDown UIInterfaceOrientationLandscapeLeft UIInterfaceOrientationLandscapeRight";
				INFOPLIST_KEY_UISupportedInterfaceOrientations_iPhone = "UIInterfaceOrientationPortrait UIInterfaceOrientationLandscapeLeft UIInterfaceOrientationLandscapeRight";
				LD_RUNPATH_SEARCH_PATHS = (
					"$(inherited)",
					"@executable_path/Frameworks",
				);
				MARKETING_VERSION = 1.0;
				PRODUCT_BUNDLE_IDENTIFIER = com.waheedcodes.FlexiCalc;
				PRODUCT_NAME = "$(TARGET_NAME)";
				SWIFT_EMIT_LOC_STRINGS = YES;
				SWIFT_VERSION = 5.0;
				TARGETED_DEVICE_FAMILY = "1,2";
			};
			name = Debug;
		};
		04E056152839FC3600D9481F /* Release */ = {
			isa = XCBuildConfiguration;
			buildSettings = {
				ASSETCATALOG_COMPILER_APPICON_NAME = AppIcon;
				ASSETCATALOG_COMPILER_GLOBAL_ACCENT_COLOR_NAME = AccentColor;
				CODE_SIGN_STYLE = Automatic;
				CURRENT_PROJECT_VERSION = 1;
				DEVELOPMENT_TEAM = 6ZPB2R3KP8;
				GENERATE_INFOPLIST_FILE = YES;
				INFOPLIST_FILE = FlexiCalc/Info.plist;
				INFOPLIST_KEY_UIApplicationSupportsIndirectInputEvents = YES;
				INFOPLIST_KEY_UILaunchStoryboardName = LaunchScreen;
				INFOPLIST_KEY_UIMainStoryboardFile = Main;
				INFOPLIST_KEY_UISupportedInterfaceOrientations_iPad = "UIInterfaceOrientationPortrait UIInterfaceOrientationPortraitUpsideDown UIInterfaceOrientationLandscapeLeft UIInterfaceOrientationLandscapeRight";
				INFOPLIST_KEY_UISupportedInterfaceOrientations_iPhone = "UIInterfaceOrientationPortrait UIInterfaceOrientationLandscapeLeft UIInterfaceOrientationLandscapeRight";
				LD_RUNPATH_SEARCH_PATHS = (
					"$(inherited)",
					"@executable_path/Frameworks",
				);
				MARKETING_VERSION = 1.0;
				PRODUCT_BUNDLE_IDENTIFIER = com.waheedcodes.FlexiCalc;
				PRODUCT_NAME = "$(TARGET_NAME)";
				SWIFT_EMIT_LOC_STRINGS = YES;
				SWIFT_VERSION = 5.0;
				TARGETED_DEVICE_FAMILY = "1,2";
			};
			name = Release;
		};
		04E056172839FC3600D9481F /* Debug */ = {
			isa = XCBuildConfiguration;
			buildSettings = {
				ALWAYS_EMBED_SWIFT_STANDARD_LIBRARIES = YES;
				BUNDLE_LOADER = "$(TEST_HOST)";
				CODE_SIGN_STYLE = Automatic;
				CURRENT_PROJECT_VERSION = 1;
				DEVELOPMENT_TEAM = 6ZPB2R3KP8;
				GENERATE_INFOPLIST_FILE = YES;
				IPHONEOS_DEPLOYMENT_TARGET = 15.2;
				MARKETING_VERSION = 1.0;
				PRODUCT_BUNDLE_IDENTIFIER = com.waheedcodes.FlexiCalcTests;
				PRODUCT_NAME = "$(TARGET_NAME)";
				SWIFT_EMIT_LOC_STRINGS = NO;
				SWIFT_VERSION = 5.0;
				TARGETED_DEVICE_FAMILY = "1,2";
				TEST_HOST = "$(BUILT_PRODUCTS_DIR)/FlexiCalc.app/FlexiCalc";
			};
			name = Debug;
		};
		04E056182839FC3600D9481F /* Release */ = {
			isa = XCBuildConfiguration;
			buildSettings = {
				ALWAYS_EMBED_SWIFT_STANDARD_LIBRARIES = YES;
				BUNDLE_LOADER = "$(TEST_HOST)";
				CODE_SIGN_STYLE = Automatic;
				CURRENT_PROJECT_VERSION = 1;
				DEVELOPMENT_TEAM = 6ZPB2R3KP8;
				GENERATE_INFOPLIST_FILE = YES;
				IPHONEOS_DEPLOYMENT_TARGET = 15.2;
				MARKETING_VERSION = 1.0;
				PRODUCT_BUNDLE_IDENTIFIER = com.waheedcodes.FlexiCalcTests;
				PRODUCT_NAME = "$(TARGET_NAME)";
				SWIFT_EMIT_LOC_STRINGS = NO;
				SWIFT_VERSION = 5.0;
				TARGETED_DEVICE_FAMILY = "1,2";
				TEST_HOST = "$(BUILT_PRODUCTS_DIR)/FlexiCalc.app/FlexiCalc";
			};
			name = Release;
		};
		04E0561A2839FC3600D9481F /* Debug */ = {
			isa = XCBuildConfiguration;
			buildSettings = {
				ALWAYS_EMBED_SWIFT_STANDARD_LIBRARIES = YES;
				CODE_SIGN_STYLE = Automatic;
				CURRENT_PROJECT_VERSION = 1;
				DEVELOPMENT_TEAM = 6ZPB2R3KP8;
				GENERATE_INFOPLIST_FILE = YES;
				MARKETING_VERSION = 1.0;
				PRODUCT_BUNDLE_IDENTIFIER = com.waheedcodes.FlexiCalcUITests;
				PRODUCT_NAME = "$(TARGET_NAME)";
				SWIFT_EMIT_LOC_STRINGS = NO;
				SWIFT_VERSION = 5.0;
				TARGETED_DEVICE_FAMILY = "1,2";
				TEST_TARGET_NAME = FlexiCalc;
			};
			name = Debug;
		};
		04E0561B2839FC3600D9481F /* Release */ = {
			isa = XCBuildConfiguration;
			buildSettings = {
				ALWAYS_EMBED_SWIFT_STANDARD_LIBRARIES = YES;
				CODE_SIGN_STYLE = Automatic;
				CURRENT_PROJECT_VERSION = 1;
				DEVELOPMENT_TEAM = 6ZPB2R3KP8;
				GENERATE_INFOPLIST_FILE = YES;
				MARKETING_VERSION = 1.0;
				PRODUCT_BUNDLE_IDENTIFIER = com.waheedcodes.FlexiCalcUITests;
				PRODUCT_NAME = "$(TARGET_NAME)";
				SWIFT_EMIT_LOC_STRINGS = NO;
				SWIFT_VERSION = 5.0;
				TARGETED_DEVICE_FAMILY = "1,2";
				TEST_TARGET_NAME = FlexiCalc;
			};
			name = Release;
		};
/* End XCBuildConfiguration section */

/* Begin XCConfigurationList section */
		04E055E42839FC3100D9481F /* Build configuration list for PBXProject "FlexiCalc" */ = {
			isa = XCConfigurationList;
			buildConfigurations = (
				04E056112839FC3600D9481F /* Debug */,
				04E056122839FC3600D9481F /* Release */,
			);
			defaultConfigurationIsVisible = 0;
			defaultConfigurationName = Release;
		};
		04E056132839FC3600D9481F /* Build configuration list for PBXNativeTarget "FlexiCalc" */ = {
			isa = XCConfigurationList;
			buildConfigurations = (
				04E056142839FC3600D9481F /* Debug */,
				04E056152839FC3600D9481F /* Release */,
			);
			defaultConfigurationIsVisible = 0;
			defaultConfigurationName = Release;
		};
		04E056162839FC3600D9481F /* Build configuration list for PBXNativeTarget "FlexiCalcTests" */ = {
			isa = XCConfigurationList;
			buildConfigurations = (
				04E056172839FC3600D9481F /* Debug */,
				04E056182839FC3600D9481F /* Release */,
			);
			defaultConfigurationIsVisible = 0;
			defaultConfigurationName = Release;
		};
		04E056192839FC3600D9481F /* Build configuration list for PBXNativeTarget "FlexiCalcUITests" */ = {
			isa = XCConfigurationList;
			buildConfigurations = (
				04E0561A2839FC3600D9481F /* Debug */,
				04E0561B2839FC3600D9481F /* Release */,
			);
			defaultConfigurationIsVisible = 0;
			defaultConfigurationName = Release;
		};
/* End XCConfigurationList section */
	};
	rootObject = 04E055E12839FC3100D9481F /* Project object */;
}
